
Microsoft Visual Studio Solution File, Format Version 12.00
# Visual Studio Version 17
VisualStudioVersion = 17.4.33103.184
MinimumVisualStudioVersion = 10.0.40219.1
Project("{2150E333-8FDC-42A3-9474-1A3956D46DE8}") = "001", "001", "{203C0E91-8F25-4BBC-B79E-2186EAC268C1}"
EndProject
Project("{9A19103F-16F7-4668-BE54-9A1E7A4F7556}") = "Demo.Orchestrate.Abstractions", "001\Orchestration\Main\Abstractions\Demo.Orchestrate.Abstractions.csproj", "{EA3BEC40-BDBD-48B0-875A-70CECA8E18B6}"
EndProject
Project("{9A19103F-16F7-4668-BE54-9A1E7A4F7556}") = "Demo.Orchestrate.Implementation", "001\Orchestration\Main\Implementation\Demo.Orchestrate.Implementation.csproj", "{C7314CCE-5F37-4F01-BA3F-F314FC5566E4}"
EndProject
Project("{9A19103F-16F7-4668-BE54-9A1E7A4F7556}") = "Client", "001\Client\Client.csproj", "{E0DF0574-473C-4504-87F0-B6CDA90F5CC5}"
EndProject
Project("{2150E333-8FDC-42A3-9474-1A3956D46DE8}") = "002", "002", "{61607FC0-6C68-4BF4-9F2D-6B43D1647DE5}"
EndProject
Project("{9A19103F-16F7-4668-BE54-9A1E7A4F7556}") = "Demo.Orchestrate.Abstractions", "002\Orchestration\Main\Abstractions\Demo.Orchestrate.Abstractions.csproj", "{AE4AAE24-3665-43C0-A1D2-970A40C0D7A9}"
EndProject
Project("{9A19103F-16F7-4668-BE54-9A1E7A4F7556}") = "Demo.Orchestrate.Implementation", "002\Orchestration\Main\Implementation\Demo.Orchestrate.Implementation.csproj", "{EF317195-AC31-4896-858E-F58528004E9B}"
EndProject
Project("{9A19103F-16F7-4668-BE54-9A1E7A4F7556}") = "Client", "002\Client\Client.csproj", "{30DF7E3C-0D29-4552-B01B-D424DAD0F822}"
EndProject
Project("{2150E333-8FDC-42A3-9474-1A3956D46DE8}") = "003", "003", "{5B4EA463-6CB9-4819-A047-38D1CD27B02D}"
EndProject
Project("{2150E333-8FDC-42A3-9474-1A3956D46DE8}") = "Basic Usage Demos", "Basic Usage Demos", "{28742A39-A546-4854-A985-827692672758}"
EndProject
Project("{9A19103F-16F7-4668-BE54-9A1E7A4F7556}") = "Demo.Orchestrate.Abstractions", "003\Orchestration\Main\Abstractions\Demo.Orchestrate.Abstractions.csproj", "{05AA65A2-2C85-472C-9F4F-25DEFCACF93C}"
EndProject
Project("{9A19103F-16F7-4668-BE54-9A1E7A4F7556}") = "Demo.Orchestrate.Implementation", "003\Orchestration\Main\Implementation\Demo.Orchestrate.Implementation.csproj", "{123CB4BA-8CB8-4F74-A446-D02442BA2AD0}"
EndProject
Project("{9A19103F-16F7-4668-BE54-9A1E7A4F7556}") = "Client", "003\Client\Client.csproj", "{5AC9E2AD-6CC6-4689-BEA7-9DFAA2557F09}"
EndProject
Project("{2150E333-8FDC-42A3-9474-1A3956D46DE8}") = "004", "004", "{15B2C0B2-449B-4791-93F5-9CFF6C73A7EA}"
EndProject
Project("{9A19103F-16F7-4668-BE54-9A1E7A4F7556}") = "Demo.Orchestrate.Abstractions", "004\Orchestration\Main\Abstractions\Demo.Orchestrate.Abstractions.csproj", "{30482D8F-7940-4D8E-96EC-0411CF3FC256}"
EndProject
Project("{9A19103F-16F7-4668-BE54-9A1E7A4F7556}") = "Demo.Orchestrate.Implementation", "004\Orchestration\Main\Implementation\Demo.Orchestrate.Implementation.csproj", "{830CDA0D-EC49-4935-AE44-EBC09580E022}"
EndProject
Project("{9A19103F-16F7-4668-BE54-9A1E7A4F7556}") = "Client", "004\Client\Client.csproj", "{E5BB8608-AFD6-4875-B910-96B65F646980}"
EndProject
Project("{2150E333-8FDC-42A3-9474-1A3956D46DE8}") = "005", "005", "{DBD06993-9A69-441E-9265-3BA7FEF2F9B9}"
EndProject
Project("{9A19103F-16F7-4668-BE54-9A1E7A4F7556}") = "Demo.Orchestrate.Abstractions", "005\Orchestration\Main\Abstractions\Demo.Orchestrate.Abstractions.csproj", "{9EFE18F3-1338-48FB-9F63-3E2C9879C13B}"
EndProject
Project("{9A19103F-16F7-4668-BE54-9A1E7A4F7556}") = "Demo.Orchestrate.Implementation", "005\Orchestration\Main\Implementation\Demo.Orchestrate.Implementation.csproj", "{468251DD-FAFC-4343-AEC2-B02A1646437A}"
EndProject
Project("{9A19103F-16F7-4668-BE54-9A1E7A4F7556}") = "Client", "005\Client\Client.csproj", "{ECA27FD0-7CE3-45AE-984D-54A877FABE3F}"
EndProject
Project("{2150E333-8FDC-42A3-9474-1A3956D46DE8}") = "Interception", "Interception", "{2240D86B-D3B8-4472-9587-3B37B8EBC31D}"
EndProject
Project("{2150E333-8FDC-42A3-9474-1A3956D46DE8}") = "006", "006", "{5E12485B-A055-43DD-B2E9-60050EA48823}"
EndProject
Project("{9A19103F-16F7-4668-BE54-9A1E7A4F7556}") = "Demo.Orchestrate.Abstractions", "006\Orchestration\Main\Abstractions\Demo.Orchestrate.Abstractions.csproj", "{5D35235E-DEC5-41FC-B910-FE8B4F4B1852}"
EndProject
Project("{9A19103F-16F7-4668-BE54-9A1E7A4F7556}") = "Demo.Orchestrate.Implementation", "006\Orchestration\Main\Implementation\Demo.Orchestrate.Implementation.csproj", "{D259F00B-B085-4C54-9C57-BB79E6689851}"
EndProject
Project("{9A19103F-16F7-4668-BE54-9A1E7A4F7556}") = "Client", "006\Client\Client.csproj", "{2E4B2E5C-CA88-4B74-A954-4E564864D08F}"
EndProject
Project("{2150E333-8FDC-42A3-9474-1A3956D46DE8}") = "007", "007", "{A954A471-9070-445E-9033-3023E20BCEF8}"
EndProject
Project("{9A19103F-16F7-4668-BE54-9A1E7A4F7556}") = "Demo.Orchestrate.Abstractions", "007\Orchestration\Main\Abstractions\Demo.Orchestrate.Abstractions.csproj", "{A055D0F3-6FE6-4240-8AE7-5C7E29D02E95}"
EndProject
Project("{9A19103F-16F7-4668-BE54-9A1E7A4F7556}") = "Demo.Orchestrate.Implementation", "007\Orchestration\Main\Implementation\Demo.Orchestrate.Implementation.csproj", "{05047F2B-F4A2-45BF-A862-7AD10D238F81}"
EndProject
Project("{9A19103F-16F7-4668-BE54-9A1E7A4F7556}") = "Client", "007\Client\Client.csproj", "{9BF8581C-3CA8-4C75-8653-A71FDC5903AD}"
EndProject
Project("{2150E333-8FDC-42A3-9474-1A3956D46DE8}") = "008", "008", "{A6B56311-602F-4E92-9EAC-F4771F9D86DB}"
EndProject
Project("{9A19103F-16F7-4668-BE54-9A1E7A4F7556}") = "Demo.Orchestrate.Abstractions", "008\Orchestration\Main\Abstractions\Demo.Orchestrate.Abstractions.csproj", "{E76EA6FD-E8AC-49D6-80E3-1A1FD47ACC37}"
EndProject
Project("{9A19103F-16F7-4668-BE54-9A1E7A4F7556}") = "Demo.Orchestrate.Implementation", "008\Orchestration\Main\Implementation\Demo.Orchestrate.Implementation.csproj", "{5318BFB3-69C9-4AA6-AD97-BCC4EC2D6E94}"
EndProject
Project("{9A19103F-16F7-4668-BE54-9A1E7A4F7556}") = "Client", "008\Client\Client.csproj", "{F85CAC91-6BDC-49D1-96A2-ECFFCECF3065}"
EndProject
Global
	GlobalSection(SolutionConfigurationPlatforms) = preSolution
		Debug|Any CPU = Debug|Any CPU
		Release|Any CPU = Release|Any CPU
	EndGlobalSection
	GlobalSection(ProjectConfigurationPlatforms) = postSolution
		{EA3BEC40-BDBD-48B0-875A-70CECA8E18B6}.Debug|Any CPU.ActiveCfg = Debug|Any CPU
		{EA3BEC40-BDBD-48B0-875A-70CECA8E18B6}.Debug|Any CPU.Build.0 = Debug|Any CPU
		{EA3BEC40-BDBD-48B0-875A-70CECA8E18B6}.Release|Any CPU.ActiveCfg = Release|Any CPU
		{EA3BEC40-BDBD-48B0-875A-70CECA8E18B6}.Release|Any CPU.Build.0 = Release|Any CPU
		{C7314CCE-5F37-4F01-BA3F-F314FC5566E4}.Debug|Any CPU.ActiveCfg = Debug|Any CPU
		{C7314CCE-5F37-4F01-BA3F-F314FC5566E4}.Debug|Any CPU.Build.0 = Debug|Any CPU
		{C7314CCE-5F37-4F01-BA3F-F314FC5566E4}.Release|Any CPU.ActiveCfg = Release|Any CPU
		{C7314CCE-5F37-4F01-BA3F-F314FC5566E4}.Release|Any CPU.Build.0 = Release|Any CPU
		{E0DF0574-473C-4504-87F0-B6CDA90F5CC5}.Debug|Any CPU.ActiveCfg = Debug|Any CPU
		{E0DF0574-473C-4504-87F0-B6CDA90F5CC5}.Debug|Any CPU.Build.0 = Debug|Any CPU
		{E0DF0574-473C-4504-87F0-B6CDA90F5CC5}.Release|Any CPU.ActiveCfg = Release|Any CPU
		{E0DF0574-473C-4504-87F0-B6CDA90F5CC5}.Release|Any CPU.Build.0 = Release|Any CPU
		{AE4AAE24-3665-43C0-A1D2-970A40C0D7A9}.Debug|Any CPU.ActiveCfg = Debug|Any CPU
		{AE4AAE24-3665-43C0-A1D2-970A40C0D7A9}.Debug|Any CPU.Build.0 = Debug|Any CPU
		{AE4AAE24-3665-43C0-A1D2-970A40C0D7A9}.Release|Any CPU.ActiveCfg = Release|Any CPU
		{AE4AAE24-3665-43C0-A1D2-970A40C0D7A9}.Release|Any CPU.Build.0 = Release|Any CPU
		{EF317195-AC31-4896-858E-F58528004E9B}.Debug|Any CPU.ActiveCfg = Debug|Any CPU
		{EF317195-AC31-4896-858E-F58528004E9B}.Debug|Any CPU.Build.0 = Debug|Any CPU
		{EF317195-AC31-4896-858E-F58528004E9B}.Release|Any CPU.ActiveCfg = Release|Any CPU
		{EF317195-AC31-4896-858E-F58528004E9B}.Release|Any CPU.Build.0 = Release|Any CPU
		{30DF7E3C-0D29-4552-B01B-D424DAD0F822}.Debug|Any CPU.ActiveCfg = Debug|Any CPU
		{30DF7E3C-0D29-4552-B01B-D424DAD0F822}.Debug|Any CPU.Build.0 = Debug|Any CPU
		{30DF7E3C-0D29-4552-B01B-D424DAD0F822}.Release|Any CPU.ActiveCfg = Release|Any CPU
		{30DF7E3C-0D29-4552-B01B-D424DAD0F822}.Release|Any CPU.Build.0 = Release|Any CPU
		{05AA65A2-2C85-472C-9F4F-25DEFCACF93C}.Debug|Any CPU.ActiveCfg = Debug|Any CPU
		{05AA65A2-2C85-472C-9F4F-25DEFCACF93C}.Debug|Any CPU.Build.0 = Debug|Any CPU
		{05AA65A2-2C85-472C-9F4F-25DEFCACF93C}.Release|Any CPU.ActiveCfg = Release|Any CPU
		{05AA65A2-2C85-472C-9F4F-25DEFCACF93C}.Release|Any CPU.Build.0 = Release|Any CPU
		{123CB4BA-8CB8-4F74-A446-D02442BA2AD0}.Debug|Any CPU.ActiveCfg = Debug|Any CPU
		{123CB4BA-8CB8-4F74-A446-D02442BA2AD0}.Debug|Any CPU.Build.0 = Debug|Any CPU
		{123CB4BA-8CB8-4F74-A446-D02442BA2AD0}.Release|Any CPU.ActiveCfg = Release|Any CPU
		{123CB4BA-8CB8-4F74-A446-D02442BA2AD0}.Release|Any CPU.Build.0 = Release|Any CPU
		{5AC9E2AD-6CC6-4689-BEA7-9DFAA2557F09}.Debug|Any CPU.ActiveCfg = Debug|Any CPU
		{5AC9E2AD-6CC6-4689-BEA7-9DFAA2557F09}.Debug|Any CPU.Build.0 = Debug|Any CPU
		{5AC9E2AD-6CC6-4689-BEA7-9DFAA2557F09}.Release|Any CPU.ActiveCfg = Release|Any CPU
		{5AC9E2AD-6CC6-4689-BEA7-9DFAA2557F09}.Release|Any CPU.Build.0 = Release|Any CPU
		{30482D8F-7940-4D8E-96EC-0411CF3FC256}.Debug|Any CPU.ActiveCfg = Debug|Any CPU
		{30482D8F-7940-4D8E-96EC-0411CF3FC256}.Debug|Any CPU.Build.0 = Debug|Any CPU
		{30482D8F-7940-4D8E-96EC-0411CF3FC256}.Release|Any CPU.ActiveCfg = Release|Any CPU
		{30482D8F-7940-4D8E-96EC-0411CF3FC256}.Release|Any CPU.Build.0 = Release|Any CPU
		{830CDA0D-EC49-4935-AE44-EBC09580E022}.Debug|Any CPU.ActiveCfg = Debug|Any CPU
		{830CDA0D-EC49-4935-AE44-EBC09580E022}.Debug|Any CPU.Build.0 = Debug|Any CPU
		{830CDA0D-EC49-4935-AE44-EBC09580E022}.Release|Any CPU.ActiveCfg = Release|Any CPU
		{830CDA0D-EC49-4935-AE44-EBC09580E022}.Release|Any CPU.Build.0 = Release|Any CPU
		{E5BB8608-AFD6-4875-B910-96B65F646980}.Debug|Any CPU.ActiveCfg = Debug|Any CPU
		{E5BB8608-AFD6-4875-B910-96B65F646980}.Debug|Any CPU.Build.0 = Debug|Any CPU
		{E5BB8608-AFD6-4875-B910-96B65F646980}.Release|Any CPU.ActiveCfg = Release|Any CPU
		{E5BB8608-AFD6-4875-B910-96B65F646980}.Release|Any CPU.Build.0 = Release|Any CPU
		{9EFE18F3-1338-48FB-9F63-3E2C9879C13B}.Debug|Any CPU.ActiveCfg = Debug|Any CPU
		{9EFE18F3-1338-48FB-9F63-3E2C9879C13B}.Debug|Any CPU.Build.0 = Debug|Any CPU
		{9EFE18F3-1338-48FB-9F63-3E2C9879C13B}.Release|Any CPU.ActiveCfg = Release|Any CPU
		{9EFE18F3-1338-48FB-9F63-3E2C9879C13B}.Release|Any CPU.Build.0 = Release|Any CPU
		{468251DD-FAFC-4343-AEC2-B02A1646437A}.Debug|Any CPU.ActiveCfg = Debug|Any CPU
		{468251DD-FAFC-4343-AEC2-B02A1646437A}.Debug|Any CPU.Build.0 = Debug|Any CPU
		{468251DD-FAFC-4343-AEC2-B02A1646437A}.Release|Any CPU.ActiveCfg = Release|Any CPU
		{468251DD-FAFC-4343-AEC2-B02A1646437A}.Release|Any CPU.Build.0 = Release|Any CPU
		{ECA27FD0-7CE3-45AE-984D-54A877FABE3F}.Debug|Any CPU.ActiveCfg = Debug|Any CPU
		{ECA27FD0-7CE3-45AE-984D-54A877FABE3F}.Debug|Any CPU.Build.0 = Debug|Any CPU
		{ECA27FD0-7CE3-45AE-984D-54A877FABE3F}.Release|Any CPU.ActiveCfg = Release|Any CPU
		{ECA27FD0-7CE3-45AE-984D-54A877FABE3F}.Release|Any CPU.Build.0 = Release|Any CPU
		{5D35235E-DEC5-41FC-B910-FE8B4F4B1852}.Debug|Any CPU.ActiveCfg = Debug|Any CPU
		{5D35235E-DEC5-41FC-B910-FE8B4F4B1852}.Debug|Any CPU.Build.0 = Debug|Any CPU
		{5D35235E-DEC5-41FC-B910-FE8B4F4B1852}.Release|Any CPU.ActiveCfg = Release|Any CPU
		{5D35235E-DEC5-41FC-B910-FE8B4F4B1852}.Release|Any CPU.Build.0 = Release|Any CPU
		{D259F00B-B085-4C54-9C57-BB79E6689851}.Debug|Any CPU.ActiveCfg = Debug|Any CPU
		{D259F00B-B085-4C54-9C57-BB79E6689851}.Debug|Any CPU.Build.0 = Debug|Any CPU
		{D259F00B-B085-4C54-9C57-BB79E6689851}.Release|Any CPU.ActiveCfg = Release|Any CPU
		{D259F00B-B085-4C54-9C57-BB79E6689851}.Release|Any CPU.Build.0 = Release|Any CPU
		{2E4B2E5C-CA88-4B74-A954-4E564864D08F}.Debug|Any CPU.ActiveCfg = Debug|Any CPU
		{2E4B2E5C-CA88-4B74-A954-4E564864D08F}.Debug|Any CPU.Build.0 = Debug|Any CPU
		{2E4B2E5C-CA88-4B74-A954-4E564864D08F}.Release|Any CPU.ActiveCfg = Release|Any CPU
		{2E4B2E5C-CA88-4B74-A954-4E564864D08F}.Release|Any CPU.Build.0 = Release|Any CPU
		{A055D0F3-6FE6-4240-8AE7-5C7E29D02E95}.Debug|Any CPU.ActiveCfg = Debug|Any CPU
		{A055D0F3-6FE6-4240-8AE7-5C7E29D02E95}.Debug|Any CPU.Build.0 = Debug|Any CPU
		{A055D0F3-6FE6-4240-8AE7-5C7E29D02E95}.Release|Any CPU.ActiveCfg = Release|Any CPU
		{A055D0F3-6FE6-4240-8AE7-5C7E29D02E95}.Release|Any CPU.Build.0 = Release|Any CPU
		{05047F2B-F4A2-45BF-A862-7AD10D238F81}.Debug|Any CPU.ActiveCfg = Debug|Any CPU
		{05047F2B-F4A2-45BF-A862-7AD10D238F81}.Debug|Any CPU.Build.0 = Debug|Any CPU
		{05047F2B-F4A2-45BF-A862-7AD10D238F81}.Release|Any CPU.ActiveCfg = Release|Any CPU
		{05047F2B-F4A2-45BF-A862-7AD10D238F81}.Release|Any CPU.Build.0 = Release|Any CPU
		{9BF8581C-3CA8-4C75-8653-A71FDC5903AD}.Debug|Any CPU.ActiveCfg = Debug|Any CPU
		{9BF8581C-3CA8-4C75-8653-A71FDC5903AD}.Debug|Any CPU.Build.0 = Debug|Any CPU
		{9BF8581C-3CA8-4C75-8653-A71FDC5903AD}.Release|Any CPU.ActiveCfg = Release|Any CPU
		{9BF8581C-3CA8-4C75-8653-A71FDC5903AD}.Release|Any CPU.Build.0 = Release|Any CPU
		{E76EA6FD-E8AC-49D6-80E3-1A1FD47ACC37}.Debug|Any CPU.ActiveCfg = Debug|Any CPU
		{E76EA6FD-E8AC-49D6-80E3-1A1FD47ACC37}.Debug|Any CPU.Build.0 = Debug|Any CPU
		{E76EA6FD-E8AC-49D6-80E3-1A1FD47ACC37}.Release|Any CPU.ActiveCfg = Release|Any CPU
		{E76EA6FD-E8AC-49D6-80E3-1A1FD47ACC37}.Release|Any CPU.Build.0 = Release|Any CPU
		{5318BFB3-69C9-4AA6-AD97-BCC4EC2D6E94}.Debug|Any CPU.ActiveCfg = Debug|Any CPU
		{5318BFB3-69C9-4AA6-AD97-BCC4EC2D6E94}.Debug|Any CPU.Build.0 = Debug|Any CPU
		{5318BFB3-69C9-4AA6-AD97-BCC4EC2D6E94}.Release|Any CPU.ActiveCfg = Release|Any CPU
		{5318BFB3-69C9-4AA6-AD97-BCC4EC2D6E94}.Release|Any CPU.Build.0 = Release|Any CPU
		{F85CAC91-6BDC-49D1-96A2-ECFFCECF3065}.Debug|Any CPU.ActiveCfg = Debug|Any CPU
		{F85CAC91-6BDC-49D1-96A2-ECFFCECF3065}.Debug|Any CPU.Build.0 = Debug|Any CPU
		{F85CAC91-6BDC-49D1-96A2-ECFFCECF3065}.Release|Any CPU.ActiveCfg = Release|Any CPU
		{F85CAC91-6BDC-49D1-96A2-ECFFCECF3065}.Release|Any CPU.Build.0 = Release|Any CPU
	EndGlobalSection
	GlobalSection(SolutionProperties) = preSolution
		HideSolutionNode = FALSE
	EndGlobalSection
	GlobalSection(NestedProjects) = preSolution
		{203C0E91-8F25-4BBC-B79E-2186EAC268C1} = {28742A39-A546-4854-A985-827692672758}
		{EA3BEC40-BDBD-48B0-875A-70CECA8E18B6} = {203C0E91-8F25-4BBC-B79E-2186EAC268C1}
		{C7314CCE-5F37-4F01-BA3F-F314FC5566E4} = {203C0E91-8F25-4BBC-B79E-2186EAC268C1}
		{E0DF0574-473C-4504-87F0-B6CDA90F5CC5} = {203C0E91-8F25-4BBC-B79E-2186EAC268C1}
		{61607FC0-6C68-4BF4-9F2D-6B43D1647DE5} = {28742A39-A546-4854-A985-827692672758}
		{AE4AAE24-3665-43C0-A1D2-970A40C0D7A9} = {61607FC0-6C68-4BF4-9F2D-6B43D1647DE5}
		{EF317195-AC31-4896-858E-F58528004E9B} = {61607FC0-6C68-4BF4-9F2D-6B43D1647DE5}
		{30DF7E3C-0D29-4552-B01B-D424DAD0F822} = {61607FC0-6C68-4BF4-9F2D-6B43D1647DE5}
		{5B4EA463-6CB9-4819-A047-38D1CD27B02D} = {28742A39-A546-4854-A985-827692672758}
		{05AA65A2-2C85-472C-9F4F-25DEFCACF93C} = {5B4EA463-6CB9-4819-A047-38D1CD27B02D}
		{123CB4BA-8CB8-4F74-A446-D02442BA2AD0} = {5B4EA463-6CB9-4819-A047-38D1CD27B02D}
		{5AC9E2AD-6CC6-4689-BEA7-9DFAA2557F09} = {5B4EA463-6CB9-4819-A047-38D1CD27B02D}
		{15B2C0B2-449B-4791-93F5-9CFF6C73A7EA} = {28742A39-A546-4854-A985-827692672758}
		{30482D8F-7940-4D8E-96EC-0411CF3FC256} = {15B2C0B2-449B-4791-93F5-9CFF6C73A7EA}
		{830CDA0D-EC49-4935-AE44-EBC09580E022} = {15B2C0B2-449B-4791-93F5-9CFF6C73A7EA}
		{E5BB8608-AFD6-4875-B910-96B65F646980} = {15B2C0B2-449B-4791-93F5-9CFF6C73A7EA}
		{DBD06993-9A69-441E-9265-3BA7FEF2F9B9} = {28742A39-A546-4854-A985-827692672758}
		{9EFE18F3-1338-48FB-9F63-3E2C9879C13B} = {DBD06993-9A69-441E-9265-3BA7FEF2F9B9}
		{468251DD-FAFC-4343-AEC2-B02A1646437A} = {DBD06993-9A69-441E-9265-3BA7FEF2F9B9}
		{ECA27FD0-7CE3-45AE-984D-54A877FABE3F} = {DBD06993-9A69-441E-9265-3BA7FEF2F9B9}
		{5E12485B-A055-43DD-B2E9-60050EA48823} = {2240D86B-D3B8-4472-9587-3B37B8EBC31D}
		{5D35235E-DEC5-41FC-B910-FE8B4F4B1852} = {5E12485B-A055-43DD-B2E9-60050EA48823}
		{D259F00B-B085-4C54-9C57-BB79E6689851} = {5E12485B-A055-43DD-B2E9-60050EA48823}
		{2E4B2E5C-CA88-4B74-A954-4E564864D08F} = {5E12485B-A055-43DD-B2E9-60050EA48823}
		{A954A471-9070-445E-9033-3023E20BCEF8} = {2240D86B-D3B8-4472-9587-3B37B8EBC31D}
		{A055D0F3-6FE6-4240-8AE7-5C7E29D02E95} = {A954A471-9070-445E-9033-3023E20BCEF8}
		{05047F2B-F4A2-45BF-A862-7AD10D238F81} = {A954A471-9070-445E-9033-3023E20BCEF8}
		{9BF8581C-3CA8-4C75-8653-A71FDC5903AD} = {A954A471-9070-445E-9033-3023E20BCEF8}
		{A6B56311-602F-4E92-9EAC-F4771F9D86DB} = {2240D86B-D3B8-4472-9587-3B37B8EBC31D}
		{E76EA6FD-E8AC-49D6-80E3-1A1FD47ACC37} = {A6B56311-602F-4E92-9EAC-F4771F9D86DB}
		{5318BFB3-69C9-4AA6-AD97-BCC4EC2D6E94} = {A6B56311-602F-4E92-9EAC-F4771F9D86DB}
		{F85CAC91-6BDC-49D1-96A2-ECFFCECF3065} = {A6B56311-602F-4E92-9EAC-F4771F9D86DB}
	EndGlobalSection
	GlobalSection(ExtensibilityGlobals) = postSolution
		SolutionGuid = {10E22E1A-AA99-405C-8E03-F3EEA56162A0}
	EndGlobalSection
EndGlobal
